
Microsoft Visual Studio Solution File, Format Version 12.00
# Visual Studio 14
VisualStudioVersion = 14.0.24720.0
MinimumVisualStudioVersion = 10.0.40219.1
Project("{D954291E-2A0B-460D-934E-DC6B0785DB48}") = "Await", "Await\Await.shproj", "{DE3169A4-A03E-408E-9C07-1864B70925C5}"
EndProject
Global
	GlobalSection(SharedMSBuildProjectFiles) = preSolution
		Await\Await.projitems*{de3169a4-a03e-408e-9c07-1864b70925c5}*SharedItemsImports = 13
	EndGlobalSection
	GlobalSection(SolutionProperties) = preSolution
		HideSolutionNode = FALSE
	EndGlobalSection
EndGlobal
